
Microsoft Visual Studio Solution File, Format Version 12.00
# Visual Studio Version 16
VisualStudioVersion = 16.0.31424.327
MinimumVisualStudioVersion = 10.0.40219.1
Project("{FAE04EC0-301F-11D3-BF4B-00C04F79EFBC}") = "TicTacToe_ENJMIN", "TicTacToe_ENJMIN.csproj", "{43028497-F4FB-45A5-9106-C84FEBB1D70A}"
EndProject
Global
	GlobalSection(SolutionConfigurationPlatforms) = preSolution
		Debug|Any CPU = Debug|Any CPU
		Release|Any CPU = Release|Any CPU
	EndGlobalSection
	GlobalSection(ProjectConfigurationPlatforms) = postSolution
		{43028497-F4FB-45A5-9106-C84FEBB1D70A}.Debug|Any CPU.ActiveCfg = Debug|Any CPU
		{43028497-F4FB-45A5-9106-C84FEBB1D70A}.Debug|Any CPU.Build.0 = Debug|Any CPU
		{43028497-F4FB-45A5-9106-C84FEBB1D70A}.Release|Any CPU.ActiveCfg = Release|Any CPU
		{43028497-F4FB-45A5-9106-C84FEBB1D70A}.Release|Any CPU.Build.0 = Release|Any CPU
	EndGlobalSection
	GlobalSection(SolutionProperties) = preSolution
		HideSolutionNode = FALSE
	EndGlobalSection
	GlobalSection(ExtensibilityGlobals) = postSolution
		SolutionGuid = {BC7E1067-C50E-46B6-9EDB-5F71D358CE0F}
	EndGlobalSection
EndGlobal
